
Microsoft Visual Studio Solution File, Format Version 12.00
# Visual Studio Version 16
VisualStudioVersion = 16.0.30804.86
MinimumVisualStudioVersion = 10.0.40219.1
Project("{FAE04EC0-301F-11D3-BF4B-00C04F79EFBC}") = "DekstopProject", "DekstopProject\DekstopProject.csproj", "{938F5C67-26D0-4F37-9A1C-2B0F04267F07}"
EndProject
Global
	GlobalSection(SolutionConfigurationPlatforms) = preSolution
		Debug|Any CPU = Debug|Any CPU
		Release|Any CPU = Release|Any CPU
	EndGlobalSection
	GlobalSection(ProjectConfigurationPlatforms) = postSolution
		{938F5C67-26D0-4F37-9A1C-2B0F04267F07}.Debug|Any CPU.ActiveCfg = Debug|Any CPU
		{938F5C67-26D0-4F37-9A1C-2B0F04267F07}.Debug|Any CPU.Build.0 = Debug|Any CPU
		{938F5C67-26D0-4F37-9A1C-2B0F04267F07}.Release|Any CPU.ActiveCfg = Release|Any CPU
		{938F5C67-26D0-4F37-9A1C-2B0F04267F07}.Release|Any CPU.Build.0 = Release|Any CPU
	EndGlobalSection
	GlobalSection(SolutionProperties) = preSolution
		HideSolutionNode = FALSE
	EndGlobalSection
	GlobalSection(ExtensibilityGlobals) = postSolution
		SolutionGuid = {171F428B-8B76-4DB5-BE32-091F0E705B57}
	EndGlobalSection
EndGlobal
